
Microsoft Visual Studio Solution File, Format Version 12.00
Project("{2150E333-8FDC-42A3-9474-1A3956D46DE8}") = "CouponAPI", "CouponAPI", "{C4560183-5D2D-41DF-8925-BB06D339F405}"
EndProject
Project("{FAE04EC0-301F-11D3-BF4B-00C04F79EFBC}") = "CouponAPI", "CouponAPI\CouponAPI.csproj", "{13FA442F-7104-448A-8C36-B6BCA57D6A27}"
EndProject
Global
	GlobalSection(SolutionConfigurationPlatforms) = preSolution
		Debug|Any CPU = Debug|Any CPU
		Release|Any CPU = Release|Any CPU
	EndGlobalSection
	GlobalSection(ProjectConfigurationPlatforms) = postSolution
		{13FA442F-7104-448A-8C36-B6BCA57D6A27}.Debug|Any CPU.ActiveCfg = Debug|Any CPU
		{13FA442F-7104-448A-8C36-B6BCA57D6A27}.Debug|Any CPU.Build.0 = Debug|Any CPU
		{13FA442F-7104-448A-8C36-B6BCA57D6A27}.Release|Any CPU.ActiveCfg = Release|Any CPU
		{13FA442F-7104-448A-8C36-B6BCA57D6A27}.Release|Any CPU.Build.0 = Release|Any CPU
	EndGlobalSection
	GlobalSection(NestedProjects) = preSolution
		{13FA442F-7104-448A-8C36-B6BCA57D6A27} = {C4560183-5D2D-41DF-8925-BB06D339F405}
	EndGlobalSection
EndGlobal
